
Microsoft Visual Studio Solution File, Format Version 12.00
# Visual Studio Version 17
VisualStudioVersion = 17.10.34916.146
MinimumVisualStudioVersion = 10.0.40219.1
Project("{FAE04EC0-301F-11D3-BF4B-00C04F79EFBC}") = "MyFirstWebApp", "MyFirstWebApp\MyFirstWebApp.csproj", "{68FE7BCE-BF81-4567-9FC3-B4F6166A9E0A}"
EndProject
Global
	GlobalSection(SolutionConfigurationPlatforms) = preSolution
		Debug|Any CPU = Debug|Any CPU
		Release|Any CPU = Release|Any CPU
	EndGlobalSection
	GlobalSection(ProjectConfigurationPlatforms) = postSolution
		{68FE7BCE-BF81-4567-9FC3-B4F6166A9E0A}.Debug|Any CPU.ActiveCfg = Debug|Any CPU
		{68FE7BCE-BF81-4567-9FC3-B4F6166A9E0A}.Debug|Any CPU.Build.0 = Debug|Any CPU
		{68FE7BCE-BF81-4567-9FC3-B4F6166A9E0A}.Release|Any CPU.ActiveCfg = Release|Any CPU
		{68FE7BCE-BF81-4567-9FC3-B4F6166A9E0A}.Release|Any CPU.Build.0 = Release|Any CPU
	EndGlobalSection
	GlobalSection(SolutionProperties) = preSolution
		HideSolutionNode = FALSE
	EndGlobalSection
	GlobalSection(ExtensibilityGlobals) = postSolution
		SolutionGuid = {DED18A21-D7CC-4CEA-810C-83F683993E1F}
	EndGlobalSection
EndGlobal
